
Microsoft Visual Studio Solution File, Format Version 12.00
# Visual Studio 14
VisualStudioVersion = 14.0.25420.1
MinimumVisualStudioVersion = 10.0.40219.1
Project("{FAE04EC0-301F-11D3-BF4B-00C04F79EFBC}") = "FIAP.SI.Web", "..\FIAP.SI.Web\FIAP.SI.Web.csproj", "{63CD079F-8AF9-45C9-BD2F-8187F9F6DE67}"
EndProject
Project("{FAE04EC0-301F-11D3-BF4B-00C04F79EFBC}") = "FIAP.SI.Web.API", "..\FIAP.SI.Web.API\FIAP.SI.Web.API.csproj", "{3ED5470C-44A6-4546-8088-E5710BE7A36A}"
EndProject
Project("{FAE04EC0-301F-11D3-BF4B-00C04F79EFBC}") = "FIAP.SI.Crypt", "..\FIAP.SI.Crypt\FIAP.SI.Crypt.csproj", "{910E0CE6-E919-466E-9234-D1BC564DA8B2}"
EndProject
Global
	GlobalSection(SolutionConfigurationPlatforms) = preSolution
		Debug|Any CPU = Debug|Any CPU
		Release|Any CPU = Release|Any CPU
	EndGlobalSection
	GlobalSection(ProjectConfigurationPlatforms) = postSolution
		{63CD079F-8AF9-45C9-BD2F-8187F9F6DE67}.Debug|Any CPU.ActiveCfg = Debug|Any CPU
		{63CD079F-8AF9-45C9-BD2F-8187F9F6DE67}.Debug|Any CPU.Build.0 = Debug|Any CPU
		{63CD079F-8AF9-45C9-BD2F-8187F9F6DE67}.Release|Any CPU.ActiveCfg = Release|Any CPU
		{63CD079F-8AF9-45C9-BD2F-8187F9F6DE67}.Release|Any CPU.Build.0 = Release|Any CPU
		{3ED5470C-44A6-4546-8088-E5710BE7A36A}.Debug|Any CPU.ActiveCfg = Debug|Any CPU
		{3ED5470C-44A6-4546-8088-E5710BE7A36A}.Debug|Any CPU.Build.0 = Debug|Any CPU
		{3ED5470C-44A6-4546-8088-E5710BE7A36A}.Release|Any CPU.ActiveCfg = Release|Any CPU
		{3ED5470C-44A6-4546-8088-E5710BE7A36A}.Release|Any CPU.Build.0 = Release|Any CPU
		{910E0CE6-E919-466E-9234-D1BC564DA8B2}.Debug|Any CPU.ActiveCfg = Debug|Any CPU
		{910E0CE6-E919-466E-9234-D1BC564DA8B2}.Debug|Any CPU.Build.0 = Debug|Any CPU
		{910E0CE6-E919-466E-9234-D1BC564DA8B2}.Release|Any CPU.ActiveCfg = Release|Any CPU
		{910E0CE6-E919-466E-9234-D1BC564DA8B2}.Release|Any CPU.Build.0 = Release|Any CPU
	EndGlobalSection
	GlobalSection(SolutionProperties) = preSolution
		HideSolutionNode = FALSE
	EndGlobalSection
EndGlobal
